
Microsoft Visual Studio Solution File, Format Version 12.00
# Visual Studio Version 16
VisualStudioVersion = 16.0.31729.503
MinimumVisualStudioVersion = 10.0.40219.1
Project("{FAE04EC0-301F-11D3-BF4B-00C04F79EFBC}") = "SupportServicesSearch", "SupportServicesSearch.csproj", "{29339B31-8DB6-4406-9C78-B233AEA8DF67}"
EndProject
Global
	GlobalSection(SolutionConfigurationPlatforms) = preSolution
		Debug|Any CPU = Debug|Any CPU
		Release|Any CPU = Release|Any CPU
	EndGlobalSection
	GlobalSection(ProjectConfigurationPlatforms) = postSolution
		{29339B31-8DB6-4406-9C78-B233AEA8DF67}.Debug|Any CPU.ActiveCfg = Debug|Any CPU
		{29339B31-8DB6-4406-9C78-B233AEA8DF67}.Debug|Any CPU.Build.0 = Debug|Any CPU
		{29339B31-8DB6-4406-9C78-B233AEA8DF67}.Release|Any CPU.ActiveCfg = Release|Any CPU
		{29339B31-8DB6-4406-9C78-B233AEA8DF67}.Release|Any CPU.Build.0 = Release|Any CPU
	EndGlobalSection
	GlobalSection(SolutionProperties) = preSolution
		HideSolutionNode = FALSE
	EndGlobalSection
	GlobalSection(ExtensibilityGlobals) = postSolution
		SolutionGuid = {80097C36-1470-4C4B-A0A3-E4B518BCF226}
	EndGlobalSection
EndGlobal
